
Microsoft Visual Studio Solution File, Format Version 12.00
# Visual Studio 15
VisualStudioVersion = 15.0.27705.2000
MinimumVisualStudioVersion = 10.0.40219.1
Project("{9A19103F-16F7-4668-BE54-9A1E7A4F7556}") = "DapperSample", "DapperSample\DapperSample.csproj", "{21B5DBB3-E68B-4275-83BF-0D6DFE3E8D26}"
EndProject
Project("{2150E333-8FDC-42A3-9474-1A3956D46DE8}") = "RabbitMqSample", "RabbitMqSample", "{8A219129-DF94-4F15-8234-31A8BE7550EB}"
	ProjectSection(SolutionItems) = preProject
		CentOS7.0安装RabbitMq-Server以及集群搭建.txt = CentOS7.0安装RabbitMq-Server以及集群搭建.txt
	EndProjectSection
EndProject
Project("{9A19103F-16F7-4668-BE54-9A1E7A4F7556}") = "RabbitMqDemo.Producer.Send", "RabbitMqDemo.Producer.Send\RabbitMqDemo.Producer.Send.csproj", "{FB319C73-6289-4450-BB7C-EE9580A3E760}"
EndProject
Project("{9A19103F-16F7-4668-BE54-9A1E7A4F7556}") = "RabbitMqDemo.Consumer.Receive", "RabbitMqDemo.Consumer.Receive\RabbitMqDemo.Consumer.Receive.csproj", "{E52C5B38-4A95-408B-AA94-FAD4B3F9E0AC}"
EndProject
Project("{9A19103F-16F7-4668-BE54-9A1E7A4F7556}") = "RabbitMqDemo.Common", "RabbitMqDemo.Common\RabbitMqDemo.Common.csproj", "{15CE644D-87B8-411E-9C07-F47F189D0A7D}"
EndProject
Project("{2150E333-8FDC-42A3-9474-1A3956D46DE8}") = "RedisSample", "RedisSample", "{0F866546-C2CF-423F-9846-AD5B24C81C15}"
	ProjectSection(SolutionItems) = preProject
		Redis资料.txt = Redis资料.txt
	EndProjectSection
EndProject
Project("{9A19103F-16F7-4668-BE54-9A1E7A4F7556}") = "RedisDemo.Common", "RedisDemo.Common\RedisDemo.Common.csproj", "{9E31A244-5E08-4BAB-AFAD-4D9B314459A5}"
EndProject
Project("{9A19103F-16F7-4668-BE54-9A1E7A4F7556}") = "Redis订阅", "RedisDemo.Redis订阅\Redis订阅.csproj", "{9DB23ABB-1F68-49E5-BBBE-26E1A0F88745}"
EndProject
Project("{9A19103F-16F7-4668-BE54-9A1E7A4F7556}") = "Redis发布", "RedisDemo.Redis发布\Redis发布.csproj", "{9E11A9AD-0976-4F28-864C-7850442316EE}"
EndProject
Project("{9A19103F-16F7-4668-BE54-9A1E7A4F7556}") = "RedisDemo", "RedisDemo.Redis支持的存储数据类型\RedisDemo.csproj", "{850BB757-0893-4986-AE31-2AA3F4E4C7D3}"
EndProject
Global
	GlobalSection(SolutionConfigurationPlatforms) = preSolution
		Debug|Any CPU = Debug|Any CPU
		Release|Any CPU = Release|Any CPU
	EndGlobalSection
	GlobalSection(ProjectConfigurationPlatforms) = postSolution
		{21B5DBB3-E68B-4275-83BF-0D6DFE3E8D26}.Debug|Any CPU.ActiveCfg = Debug|Any CPU
		{21B5DBB3-E68B-4275-83BF-0D6DFE3E8D26}.Debug|Any CPU.Build.0 = Debug|Any CPU
		{21B5DBB3-E68B-4275-83BF-0D6DFE3E8D26}.Release|Any CPU.ActiveCfg = Release|Any CPU
		{21B5DBB3-E68B-4275-83BF-0D6DFE3E8D26}.Release|Any CPU.Build.0 = Release|Any CPU
		{FB319C73-6289-4450-BB7C-EE9580A3E760}.Debug|Any CPU.ActiveCfg = Debug|Any CPU
		{FB319C73-6289-4450-BB7C-EE9580A3E760}.Debug|Any CPU.Build.0 = Debug|Any CPU
		{FB319C73-6289-4450-BB7C-EE9580A3E760}.Release|Any CPU.ActiveCfg = Release|Any CPU
		{FB319C73-6289-4450-BB7C-EE9580A3E760}.Release|Any CPU.Build.0 = Release|Any CPU
		{E52C5B38-4A95-408B-AA94-FAD4B3F9E0AC}.Debug|Any CPU.ActiveCfg = Debug|Any CPU
		{E52C5B38-4A95-408B-AA94-FAD4B3F9E0AC}.Debug|Any CPU.Build.0 = Debug|Any CPU
		{E52C5B38-4A95-408B-AA94-FAD4B3F9E0AC}.Release|Any CPU.ActiveCfg = Release|Any CPU
		{E52C5B38-4A95-408B-AA94-FAD4B3F9E0AC}.Release|Any CPU.Build.0 = Release|Any CPU
		{15CE644D-87B8-411E-9C07-F47F189D0A7D}.Debug|Any CPU.ActiveCfg = Debug|Any CPU
		{15CE644D-87B8-411E-9C07-F47F189D0A7D}.Debug|Any CPU.Build.0 = Debug|Any CPU
		{15CE644D-87B8-411E-9C07-F47F189D0A7D}.Release|Any CPU.ActiveCfg = Release|Any CPU
		{15CE644D-87B8-411E-9C07-F47F189D0A7D}.Release|Any CPU.Build.0 = Release|Any CPU
		{9E31A244-5E08-4BAB-AFAD-4D9B314459A5}.Debug|Any CPU.ActiveCfg = Debug|Any CPU
		{9E31A244-5E08-4BAB-AFAD-4D9B314459A5}.Debug|Any CPU.Build.0 = Debug|Any CPU
		{9E31A244-5E08-4BAB-AFAD-4D9B314459A5}.Release|Any CPU.ActiveCfg = Release|Any CPU
		{9E31A244-5E08-4BAB-AFAD-4D9B314459A5}.Release|Any CPU.Build.0 = Release|Any CPU
		{9DB23ABB-1F68-49E5-BBBE-26E1A0F88745}.Debug|Any CPU.ActiveCfg = Debug|Any CPU
		{9DB23ABB-1F68-49E5-BBBE-26E1A0F88745}.Debug|Any CPU.Build.0 = Debug|Any CPU
		{9DB23ABB-1F68-49E5-BBBE-26E1A0F88745}.Release|Any CPU.ActiveCfg = Release|Any CPU
		{9DB23ABB-1F68-49E5-BBBE-26E1A0F88745}.Release|Any CPU.Build.0 = Release|Any CPU
		{9E11A9AD-0976-4F28-864C-7850442316EE}.Debug|Any CPU.ActiveCfg = Debug|Any CPU
		{9E11A9AD-0976-4F28-864C-7850442316EE}.Debug|Any CPU.Build.0 = Debug|Any CPU
		{9E11A9AD-0976-4F28-864C-7850442316EE}.Release|Any CPU.ActiveCfg = Release|Any CPU
		{9E11A9AD-0976-4F28-864C-7850442316EE}.Release|Any CPU.Build.0 = Release|Any CPU
		{850BB757-0893-4986-AE31-2AA3F4E4C7D3}.Debug|Any CPU.ActiveCfg = Debug|Any CPU
		{850BB757-0893-4986-AE31-2AA3F4E4C7D3}.Debug|Any CPU.Build.0 = Debug|Any CPU
		{850BB757-0893-4986-AE31-2AA3F4E4C7D3}.Release|Any CPU.ActiveCfg = Release|Any CPU
		{850BB757-0893-4986-AE31-2AA3F4E4C7D3}.Release|Any CPU.Build.0 = Release|Any CPU
	EndGlobalSection
	GlobalSection(SolutionProperties) = preSolution
		HideSolutionNode = FALSE
	EndGlobalSection
	GlobalSection(NestedProjects) = preSolution
		{FB319C73-6289-4450-BB7C-EE9580A3E760} = {8A219129-DF94-4F15-8234-31A8BE7550EB}
		{E52C5B38-4A95-408B-AA94-FAD4B3F9E0AC} = {8A219129-DF94-4F15-8234-31A8BE7550EB}
		{15CE644D-87B8-411E-9C07-F47F189D0A7D} = {8A219129-DF94-4F15-8234-31A8BE7550EB}
		{9E31A244-5E08-4BAB-AFAD-4D9B314459A5} = {0F866546-C2CF-423F-9846-AD5B24C81C15}
		{9DB23ABB-1F68-49E5-BBBE-26E1A0F88745} = {0F866546-C2CF-423F-9846-AD5B24C81C15}
		{9E11A9AD-0976-4F28-864C-7850442316EE} = {0F866546-C2CF-423F-9846-AD5B24C81C15}
		{850BB757-0893-4986-AE31-2AA3F4E4C7D3} = {0F866546-C2CF-423F-9846-AD5B24C81C15}
	EndGlobalSection
	GlobalSection(ExtensibilityGlobals) = postSolution
		SolutionGuid = {218C92A7-0FB6-419A-A378-9C0773D5B9FE}
	EndGlobalSection
EndGlobal
